
Microsoft Visual Studio Solution File, Format Version 12.00
# Visual Studio Version 17
VisualStudioVersion = 17.7.34031.279
MinimumVisualStudioVersion = 10.0.40219.1
Project("{FAE04EC0-301F-11D3-BF4B-00C04F79EFBC}") = "ParametreDizileri", "ParametreDizileri\ParametreDizileri.csproj", "{C4E1C8AD-F426-4235-85B3-E49B8A596E87}"
EndProject
Global
	GlobalSection(SolutionConfigurationPlatforms) = preSolution
		Debug|Any CPU = Debug|Any CPU
		Release|Any CPU = Release|Any CPU
	EndGlobalSection
	GlobalSection(ProjectConfigurationPlatforms) = postSolution
		{C4E1C8AD-F426-4235-85B3-E49B8A596E87}.Debug|Any CPU.ActiveCfg = Debug|Any CPU
		{C4E1C8AD-F426-4235-85B3-E49B8A596E87}.Debug|Any CPU.Build.0 = Debug|Any CPU
		{C4E1C8AD-F426-4235-85B3-E49B8A596E87}.Release|Any CPU.ActiveCfg = Release|Any CPU
		{C4E1C8AD-F426-4235-85B3-E49B8A596E87}.Release|Any CPU.Build.0 = Release|Any CPU
	EndGlobalSection
	GlobalSection(SolutionProperties) = preSolution
		HideSolutionNode = FALSE
	EndGlobalSection
	GlobalSection(ExtensibilityGlobals) = postSolution
		SolutionGuid = {E560E298-02E0-4225-AF9E-684FC05E4A4C}
	EndGlobalSection
EndGlobal
